
Microsoft Visual Studio Solution File, Format Version 12.00
# Visual Studio Version 16
VisualStudioVersion = 16.0.29911.84
MinimumVisualStudioVersion = 10.0.40219.1
Project("{FAE04EC0-301F-11D3-BF4B-00C04F79EFBC}") = "CombatExtended.ExtendedLoadout", "CombatExtended.ExtendedLoadout.csproj", "{064A4B91-1483-46DC-B46E-5E156AD323FD}"
EndProject
Global
	GlobalSection(SolutionConfigurationPlatforms) = preSolution
		Debug|Any CPU = Debug|Any CPU
		Release|Any CPU = Release|Any CPU
	EndGlobalSection
	GlobalSection(ProjectConfigurationPlatforms) = postSolution
		{064A4B91-1483-46DC-B46E-5E156AD323FD}.Debug|Any CPU.ActiveCfg = Debug|Any CPU
		{064A4B91-1483-46DC-B46E-5E156AD323FD}.Debug|Any CPU.Build.0 = Debug|Any CPU
		{064A4B91-1483-46DC-B46E-5E156AD323FD}.Release|Any CPU.ActiveCfg = Release|Any CPU
		{064A4B91-1483-46DC-B46E-5E156AD323FD}.Release|Any CPU.Build.0 = Release|Any CPU
	EndGlobalSection
	GlobalSection(SolutionProperties) = preSolution
		HideSolutionNode = FALSE
	EndGlobalSection
	GlobalSection(ExtensibilityGlobals) = postSolution
		SolutionGuid = {17AEB53A-1339-4D7E-94A9-393FE9EA6E9D}
	EndGlobalSection
EndGlobal
